{
  "object": {
    "pins": [
      {
        "package": "Cryptor",
        "repositoryURL": "https://github.com/IBM-Swift/BlueCryptor.git",
        "state": {
          "branch": null,
          "revision": "25186dc1a53f3eb6d900853f659dff8b9af523aa",
          "version": "1.0.23"
        }
      },
      {
        "package": "CommandLineKit",
        "repositoryURL": "https://github.com/basvankuijck/CommandLine.git",
        "state": {
          "branch": "master",
          "revision": "b83f09a25224c29b820f9e8d1311569736021820",
          "version": null
        }
      },
      {
        "package": "Francium",
        "repositoryURL": "https://github.com/e-sites/Francium.git",
        "state": {
          "branch": null,
          "revision": "11e846f7e35f086496d82359fdd171ff8cdfc6a2",
          "version": "1.0.2"
        }
      }
    ]
  },
  "version": 1
}
