{
  "object": {
    "pins": [
      {
        "package": "Cryptor",
        "repositoryURL": "https://github.com/IBM-Swift/BlueCryptor.git",
        "state": {
          "branch": null,
          "revision": "25186dc1a53f3eb6d900853f659dff8b9af523aa",
          "version": "1.0.23"
        }
      },
      {
        "package": "CommandLineKit",
        "repositoryURL": "https://github.com/basvankuijck/CommandLine.git",
        "state": {
          "branch": null,
          "revision": "746901704d889f516681772c14840ebffd0d4fb9",
          "version": "4.1.0"
        }
      },
      {
        "package": "Francium",
        "repositoryURL": "https://github.com/e-sites/Francium.git",
        "state": {
          "branch": null,
          "revision": "9a8050cdf8d5b8fc2d22177e87c731f014947f48",
          "version": "1.0.2"
        }
      }
    ]
  },
  "version": 1
}
