// !$*UTF8*$!
{
	archiveVersion = 1;
	classes = {
	};
	objectVersion = 46;
	objects = {

/* Begin PBXAggregateTarget section */
		"radon::radon::ProductTarget" /* radon */ = {
			isa = PBXAggregateTarget;
			buildConfigurationList = OBJ_158 /* Build configuration list for PBXAggregateTarget "radon" */;
			buildPhases = (
			);
			dependencies = (
				OBJ_161 /* PBXTargetDependency */,
			);
			name = radon;
			productName = radon;
		};
/* End PBXAggregateTarget section */

/* Begin PBXBuildFile section */
		C323F6B22893ECC9003E3639 /* Sequence.swift in Sources */ = {isa = PBXBuildFile; fileRef = C323F6B12893ECC8003E3639 /* Sequence.swift */; };
		OBJ_100 /* Random.swift in Sources */ = {isa = PBXBuildFile; fileRef = OBJ_54 /* Random.swift */; };
		OBJ_101 /* SSLPointerTricks.swift in Sources */ = {isa = PBXBuildFile; fileRef = OBJ_55 /* SSLPointerTricks.swift */; };
		OBJ_102 /* Status.swift in Sources */ = {isa = PBXBuildFile; fileRef = OBJ_56 /* Status.swift */; };
		OBJ_103 /* StreamCryptor.swift in Sources */ = {isa = PBXBuildFile; fileRef = OBJ_57 /* StreamCryptor.swift */; };
		OBJ_104 /* Updatable.swift in Sources */ = {isa = PBXBuildFile; fileRef = OBJ_58 /* Updatable.swift */; };
		OBJ_105 /* Utilities.swift in Sources */ = {isa = PBXBuildFile; fileRef = OBJ_59 /* Utilities.swift */; };
		OBJ_112 /* Package.swift in Sources */ = {isa = PBXBuildFile; fileRef = OBJ_60 /* Package.swift */; };
		OBJ_118 /* Error.swift in Sources */ = {isa = PBXBuildFile; fileRef = OBJ_41 /* Error.swift */; };
		OBJ_119 /* Dir.swift in Sources */ = {isa = PBXBuildFile; fileRef = OBJ_43 /* Dir.swift */; };
		OBJ_120 /* File.swift in Sources */ = {isa = PBXBuildFile; fileRef = OBJ_44 /* File.swift */; };
		OBJ_121 /* IOObject.swift in Sources */ = {isa = PBXBuildFile; fileRef = OBJ_45 /* IOObject.swift */; };
		OBJ_128 /* Package.swift in Sources */ = {isa = PBXBuildFile; fileRef = OBJ_46 /* Package.swift */; };
		OBJ_134 /* String.swift in Sources */ = {isa = PBXBuildFile; fileRef = OBJ_23 /* String.swift */; };
		OBJ_135 /* GeneralGenerator.swift in Sources */ = {isa = PBXBuildFile; fileRef = OBJ_25 /* GeneralGenerator.swift */; };
		OBJ_136 /* Generator.swift in Sources */ = {isa = PBXBuildFile; fileRef = OBJ_26 /* Generator.swift */; };
		OBJ_137 /* ImageGenerator.swift in Sources */ = {isa = PBXBuildFile; fileRef = OBJ_27 /* ImageGenerator.swift */; };
		OBJ_138 /* LocalizeGenerator.swift in Sources */ = {isa = PBXBuildFile; fileRef = OBJ_28 /* LocalizeGenerator.swift */; };
		OBJ_139 /* Folder.swift in Sources */ = {isa = PBXBuildFile; fileRef = OBJ_30 /* Folder.swift */; };
		OBJ_140 /* Logger.swift in Sources */ = {isa = PBXBuildFile; fileRef = OBJ_31 /* Logger.swift */; };
		OBJ_141 /* Radon.swift in Sources */ = {isa = PBXBuildFile; fileRef = OBJ_32 /* Radon.swift */; };
		OBJ_142 /* FolderWatcher.swift in Sources */ = {isa = PBXBuildFile; fileRef = OBJ_34 /* FolderWatcher.swift */; };
		OBJ_143 /* main.swift in Sources */ = {isa = PBXBuildFile; fileRef = OBJ_35 /* main.swift */; };
		OBJ_145 /* Francium.framework in Frameworks */ = {isa = PBXBuildFile; fileRef = "francium::Francium::Product" /* Francium.framework */; };
		OBJ_146 /* Cryptor.framework in Frameworks */ = {isa = PBXBuildFile; fileRef = "bluecryptor::Cryptor::Product" /* Cryptor.framework */; };
		OBJ_147 /* CommandLineKit.framework in Frameworks */ = {isa = PBXBuildFile; fileRef = "commandline::CommandLineKit::Product" /* CommandLineKit.framework */; };
		OBJ_156 /* Package.swift in Sources */ = {isa = PBXBuildFile; fileRef = OBJ_6 /* Package.swift */; };
		OBJ_80 /* CommandLine.swift in Sources */ = {isa = PBXBuildFile; fileRef = OBJ_64 /* CommandLine.swift */; };
		OBJ_81 /* Option.swift in Sources */ = {isa = PBXBuildFile; fileRef = OBJ_65 /* Option.swift */; };
		OBJ_82 /* StringExtensions.swift in Sources */ = {isa = PBXBuildFile; fileRef = OBJ_66 /* StringExtensions.swift */; };
		OBJ_89 /* Package.swift in Sources */ = {isa = PBXBuildFile; fileRef = OBJ_62 /* Package.swift */; };
		OBJ_95 /* Crypto.swift in Sources */ = {isa = PBXBuildFile; fileRef = OBJ_49 /* Crypto.swift */; };
		OBJ_96 /* Cryptor.swift in Sources */ = {isa = PBXBuildFile; fileRef = OBJ_50 /* Cryptor.swift */; };
		OBJ_97 /* Digest.swift in Sources */ = {isa = PBXBuildFile; fileRef = OBJ_51 /* Digest.swift */; };
		OBJ_98 /* HMAC.swift in Sources */ = {isa = PBXBuildFile; fileRef = OBJ_52 /* HMAC.swift */; };
		OBJ_99 /* KeyDerivation.swift in Sources */ = {isa = PBXBuildFile; fileRef = OBJ_53 /* KeyDerivation.swift */; };
/* End PBXBuildFile section */

/* Begin PBXContainerItemProxy section */
		C323F6A42893D1C1003E3639 /* PBXContainerItemProxy */ = {
			isa = PBXContainerItemProxy;
			containerPortal = OBJ_1 /* Project object */;
			proxyType = 1;
			remoteGlobalIDString = "francium::Francium";
			remoteInfo = Francium;
		};
		C323F6A52893D1C1003E3639 /* PBXContainerItemProxy */ = {
			isa = PBXContainerItemProxy;
			containerPortal = OBJ_1 /* Project object */;
			proxyType = 1;
			remoteGlobalIDString = "bluecryptor::Cryptor";
			remoteInfo = Cryptor;
		};
		C323F6A62893D1C1003E3639 /* PBXContainerItemProxy */ = {
			isa = PBXContainerItemProxy;
			containerPortal = OBJ_1 /* Project object */;
			proxyType = 1;
			remoteGlobalIDString = "commandline::CommandLineKit";
			remoteInfo = CommandLineKit;
		};
		C323F6A72893D1C6003E3639 /* PBXContainerItemProxy */ = {
			isa = PBXContainerItemProxy;
			containerPortal = OBJ_1 /* Project object */;
			proxyType = 1;
			remoteGlobalIDString = "radon::Radon";
			remoteInfo = Radon;
		};
/* End PBXContainerItemProxy section */

/* Begin PBXFileReference section */
		C323F6B12893ECC8003E3639 /* Sequence.swift */ = {isa = PBXFileReference; lastKnownFileType = sourcecode.swift; path = Sequence.swift; sourceTree = "<group>"; };
		OBJ_10 /* LICENSE */ = {isa = PBXFileReference; lastKnownFileType = text; path = LICENSE; sourceTree = "<group>"; };
		OBJ_11 /* CHANGELOG.md */ = {isa = PBXFileReference; lastKnownFileType = net.daringfireball.markdown; path = CHANGELOG.md; sourceTree = "<group>"; };
		OBJ_12 /* Makefile */ = {isa = PBXFileReference; lastKnownFileType = sourcecode.make; path = Makefile; sourceTree = "<group>"; };
		OBJ_13 /* README.md */ = {isa = PBXFileReference; lastKnownFileType = net.daringfireball.markdown; path = README.md; sourceTree = "<group>"; };
		OBJ_14 /* Radon.podspec */ = {isa = PBXFileReference; lastKnownFileType = text; path = Radon.podspec; sourceTree = "<group>"; };
		OBJ_15 /* get_version.sh */ = {isa = PBXFileReference; lastKnownFileType = text.script.sh; path = get_version.sh; sourceTree = "<group>"; };
		OBJ_16 /* LICENSE */ = {isa = PBXFileReference; lastKnownFileType = text; path = LICENSE; sourceTree = "<group>"; };
		OBJ_17 /* CHANGELOG.md */ = {isa = PBXFileReference; lastKnownFileType = net.daringfireball.markdown; path = CHANGELOG.md; sourceTree = "<group>"; };
		OBJ_18 /* Makefile */ = {isa = PBXFileReference; lastKnownFileType = sourcecode.make; path = Makefile; sourceTree = "<group>"; };
		OBJ_19 /* README.md */ = {isa = PBXFileReference; lastKnownFileType = net.daringfireball.markdown; path = README.md; sourceTree = "<group>"; };
		OBJ_20 /* Radon.podspec */ = {isa = PBXFileReference; lastKnownFileType = text; path = Radon.podspec; sourceTree = "<group>"; };
		OBJ_23 /* String.swift */ = {isa = PBXFileReference; lastKnownFileType = sourcecode.swift; path = String.swift; sourceTree = "<group>"; };
		OBJ_25 /* GeneralGenerator.swift */ = {isa = PBXFileReference; lastKnownFileType = sourcecode.swift; path = GeneralGenerator.swift; sourceTree = "<group>"; };
		OBJ_26 /* Generator.swift */ = {isa = PBXFileReference; lastKnownFileType = sourcecode.swift; path = Generator.swift; sourceTree = "<group>"; };
		OBJ_27 /* ImageGenerator.swift */ = {isa = PBXFileReference; lastKnownFileType = sourcecode.swift; path = ImageGenerator.swift; sourceTree = "<group>"; };
		OBJ_28 /* LocalizeGenerator.swift */ = {isa = PBXFileReference; lastKnownFileType = sourcecode.swift; path = LocalizeGenerator.swift; sourceTree = "<group>"; };
		OBJ_30 /* Folder.swift */ = {isa = PBXFileReference; lastKnownFileType = sourcecode.swift; path = Folder.swift; sourceTree = "<group>"; };
		OBJ_31 /* Logger.swift */ = {isa = PBXFileReference; lastKnownFileType = sourcecode.swift; path = Logger.swift; sourceTree = "<group>"; };
		OBJ_32 /* Radon.swift */ = {isa = PBXFileReference; lastKnownFileType = sourcecode.swift; path = Radon.swift; sourceTree = "<group>"; };
		OBJ_34 /* FolderWatcher.swift */ = {isa = PBXFileReference; lastKnownFileType = sourcecode.swift; path = FolderWatcher.swift; sourceTree = "<group>"; };
		OBJ_35 /* main.swift */ = {isa = PBXFileReference; lastKnownFileType = sourcecode.swift; path = main.swift; sourceTree = "<group>"; };
		OBJ_41 /* Error.swift */ = {isa = PBXFileReference; lastKnownFileType = sourcecode.swift; path = Error.swift; sourceTree = "<group>"; };
		OBJ_43 /* Dir.swift */ = {isa = PBXFileReference; lastKnownFileType = sourcecode.swift; path = Dir.swift; sourceTree = "<group>"; };
		OBJ_44 /* File.swift */ = {isa = PBXFileReference; lastKnownFileType = sourcecode.swift; path = File.swift; sourceTree = "<group>"; };
		OBJ_45 /* IOObject.swift */ = {isa = PBXFileReference; lastKnownFileType = sourcecode.swift; path = IOObject.swift; sourceTree = "<group>"; };
		OBJ_46 /* Package.swift */ = {isa = PBXFileReference; explicitFileType = sourcecode.swift; name = Package.swift; path = "/Users/bvkuijck/Desktop/workspace/ios/#library/Radon/.build/checkouts/Francium/Package.swift"; sourceTree = "<group>"; };
		OBJ_49 /* Crypto.swift */ = {isa = PBXFileReference; lastKnownFileType = sourcecode.swift; path = Crypto.swift; sourceTree = "<group>"; };
		OBJ_50 /* Cryptor.swift */ = {isa = PBXFileReference; lastKnownFileType = sourcecode.swift; path = Cryptor.swift; sourceTree = "<group>"; };
		OBJ_51 /* Digest.swift */ = {isa = PBXFileReference; lastKnownFileType = sourcecode.swift; path = Digest.swift; sourceTree = "<group>"; };
		OBJ_52 /* HMAC.swift */ = {isa = PBXFileReference; lastKnownFileType = sourcecode.swift; path = HMAC.swift; sourceTree = "<group>"; };
		OBJ_53 /* KeyDerivation.swift */ = {isa = PBXFileReference; lastKnownFileType = sourcecode.swift; path = KeyDerivation.swift; sourceTree = "<group>"; };
		OBJ_54 /* Random.swift */ = {isa = PBXFileReference; lastKnownFileType = sourcecode.swift; path = Random.swift; sourceTree = "<group>"; };
		OBJ_55 /* SSLPointerTricks.swift */ = {isa = PBXFileReference; lastKnownFileType = sourcecode.swift; path = SSLPointerTricks.swift; sourceTree = "<group>"; };
		OBJ_56 /* Status.swift */ = {isa = PBXFileReference; lastKnownFileType = sourcecode.swift; path = Status.swift; sourceTree = "<group>"; };
		OBJ_57 /* StreamCryptor.swift */ = {isa = PBXFileReference; lastKnownFileType = sourcecode.swift; path = StreamCryptor.swift; sourceTree = "<group>"; };
		OBJ_58 /* Updatable.swift */ = {isa = PBXFileReference; lastKnownFileType = sourcecode.swift; path = Updatable.swift; sourceTree = "<group>"; };
		OBJ_59 /* Utilities.swift */ = {isa = PBXFileReference; lastKnownFileType = sourcecode.swift; path = Utilities.swift; sourceTree = "<group>"; };
		OBJ_6 /* Package.swift */ = {isa = PBXFileReference; explicitFileType = sourcecode.swift; path = Package.swift; sourceTree = "<group>"; };
		OBJ_60 /* Package.swift */ = {isa = PBXFileReference; explicitFileType = sourcecode.swift; name = Package.swift; path = "/Users/bvkuijck/Desktop/workspace/ios/#library/Radon/.build/checkouts/BlueCryptor/Package.swift"; sourceTree = "<group>"; };
		OBJ_62 /* Package.swift */ = {isa = PBXFileReference; explicitFileType = sourcecode.swift; name = Package.swift; path = "/Users/bvkuijck/Desktop/workspace/ios/#library/Radon/.build/checkouts/CommandLine/Package.swift"; sourceTree = "<group>"; };
		OBJ_64 /* CommandLine.swift */ = {isa = PBXFileReference; lastKnownFileType = sourcecode.swift; path = CommandLine.swift; sourceTree = "<group>"; };
		OBJ_65 /* Option.swift */ = {isa = PBXFileReference; lastKnownFileType = sourcecode.swift; path = Option.swift; sourceTree = "<group>"; };
		OBJ_66 /* StringExtensions.swift */ = {isa = PBXFileReference; lastKnownFileType = sourcecode.swift; path = StringExtensions.swift; sourceTree = "<group>"; };
		OBJ_72 /* bin */ = {isa = PBXFileReference; lastKnownFileType = folder; path = bin; sourceTree = SOURCE_ROOT; };
		OBJ_73 /* RadonExample */ = {isa = PBXFileReference; lastKnownFileType = folder; path = RadonExample; sourceTree = SOURCE_ROOT; };
		OBJ_74 /* Assets */ = {isa = PBXFileReference; lastKnownFileType = folder; path = Assets; sourceTree = SOURCE_ROOT; };
		OBJ_9 /* get_version.sh */ = {isa = PBXFileReference; lastKnownFileType = text.script.sh; path = get_version.sh; sourceTree = "<group>"; };
		"bluecryptor::Cryptor::Product" /* Cryptor.framework */ = {isa = PBXFileReference; lastKnownFileType = wrapper.framework; path = Cryptor.framework; sourceTree = BUILT_PRODUCTS_DIR; };
		"commandline::CommandLineKit::Product" /* CommandLineKit.framework */ = {isa = PBXFileReference; lastKnownFileType = wrapper.framework; path = CommandLineKit.framework; sourceTree = BUILT_PRODUCTS_DIR; };
		"francium::Francium::Product" /* Francium.framework */ = {isa = PBXFileReference; lastKnownFileType = wrapper.framework; path = Francium.framework; sourceTree = BUILT_PRODUCTS_DIR; };
		"radon::Radon::Product" /* Radon */ = {isa = PBXFileReference; lastKnownFileType = text; path = Radon; sourceTree = BUILT_PRODUCTS_DIR; };
/* End PBXFileReference section */

/* Begin PBXFrameworksBuildPhase section */
		OBJ_106 /* Frameworks */ = {
			isa = PBXFrameworksBuildPhase;
			buildActionMask = 0;
			files = (
			);
			runOnlyForDeploymentPostprocessing = 0;
		};
		OBJ_122 /* Frameworks */ = {
			isa = PBXFrameworksBuildPhase;
			buildActionMask = 0;
			files = (
			);
			runOnlyForDeploymentPostprocessing = 0;
		};
		OBJ_144 /* Frameworks */ = {
			isa = PBXFrameworksBuildPhase;
			buildActionMask = 0;
			files = (
				OBJ_145 /* Francium.framework in Frameworks */,
				OBJ_146 /* Cryptor.framework in Frameworks */,
				OBJ_147 /* CommandLineKit.framework in Frameworks */,
			);
			runOnlyForDeploymentPostprocessing = 0;
		};
		OBJ_83 /* Frameworks */ = {
			isa = PBXFrameworksBuildPhase;
			buildActionMask = 0;
			files = (
			);
			runOnlyForDeploymentPostprocessing = 0;
		};
/* End PBXFrameworksBuildPhase section */

/* Begin PBXGroup section */
		OBJ_21 /* Sources */ = {
			isa = PBXGroup;
			children = (
				OBJ_22 /* Extensions */,
				OBJ_24 /* Generators */,
				OBJ_29 /* Helpers */,
				OBJ_32 /* Radon.swift */,
				OBJ_33 /* Watcher */,
				OBJ_35 /* main.swift */,
			);
			path = Sources;
			sourceTree = "<group>";
		};
		OBJ_22 /* Extensions */ = {
			isa = PBXGroup;
			children = (
				OBJ_23 /* String.swift */,
				C323F6B12893ECC8003E3639 /* Sequence.swift */,
			);
			path = Extensions;
			sourceTree = "<group>";
		};
		OBJ_24 /* Generators */ = {
			isa = PBXGroup;
			children = (
				OBJ_25 /* GeneralGenerator.swift */,
				OBJ_26 /* Generator.swift */,
				OBJ_27 /* ImageGenerator.swift */,
				OBJ_28 /* LocalizeGenerator.swift */,
			);
			path = Generators;
			sourceTree = "<group>";
		};
		OBJ_29 /* Helpers */ = {
			isa = PBXGroup;
			children = (
				OBJ_30 /* Folder.swift */,
				OBJ_31 /* Logger.swift */,
			);
			path = Helpers;
			sourceTree = "<group>";
		};
		OBJ_33 /* Watcher */ = {
			isa = PBXGroup;
			children = (
				OBJ_34 /* FolderWatcher.swift */,
			);
			path = Watcher;
			sourceTree = "<group>";
		};
		OBJ_36 /* Tests */ = {
			isa = PBXGroup;
			children = (
			);
			name = Tests;
			sourceTree = SOURCE_ROOT;
		};
		OBJ_37 /* Dependencies */ = {
			isa = PBXGroup;
			children = (
				OBJ_38 /* Francium 1.0.2 */,
				OBJ_47 /* Cryptor 1.0.23 */,
				OBJ_61 /* CommandLineKit */,
			);
			name = Dependencies;
			sourceTree = "<group>";
		};
		OBJ_38 /* Francium 1.0.2 */ = {
			isa = PBXGroup;
			children = (
				OBJ_39 /* Francium */,
				OBJ_46 /* Package.swift */,
			);
			name = "Francium 1.0.2";
			sourceTree = SOURCE_ROOT;
		};
		OBJ_39 /* Francium */ = {
			isa = PBXGroup;
			children = (
				OBJ_40 /* Errors */,
				OBJ_42 /* IO */,
			);
			name = Francium;
			path = .build/checkouts/Francium/Sources/Francium;
			sourceTree = SOURCE_ROOT;
		};
		OBJ_40 /* Errors */ = {
			isa = PBXGroup;
			children = (
				OBJ_41 /* Error.swift */,
			);
			path = Errors;
			sourceTree = "<group>";
		};
		OBJ_42 /* IO */ = {
			isa = PBXGroup;
			children = (
				OBJ_43 /* Dir.swift */,
				OBJ_44 /* File.swift */,
				OBJ_45 /* IOObject.swift */,
			);
			path = IO;
			sourceTree = "<group>";
		};
		OBJ_47 /* Cryptor 1.0.23 */ = {
			isa = PBXGroup;
			children = (
				OBJ_48 /* Cryptor */,
				OBJ_60 /* Package.swift */,
			);
			name = "Cryptor 1.0.23";
			sourceTree = SOURCE_ROOT;
		};
		OBJ_48 /* Cryptor */ = {
			isa = PBXGroup;
			children = (
				OBJ_49 /* Crypto.swift */,
				OBJ_50 /* Cryptor.swift */,
				OBJ_51 /* Digest.swift */,
				OBJ_52 /* HMAC.swift */,
				OBJ_53 /* KeyDerivation.swift */,
				OBJ_54 /* Random.swift */,
				OBJ_55 /* SSLPointerTricks.swift */,
				OBJ_56 /* Status.swift */,
				OBJ_57 /* StreamCryptor.swift */,
				OBJ_58 /* Updatable.swift */,
				OBJ_59 /* Utilities.swift */,
			);
			name = Cryptor;
			path = .build/checkouts/BlueCryptor/Sources/Cryptor;
			sourceTree = SOURCE_ROOT;
		};
		OBJ_5 /*  */ = {
			isa = PBXGroup;
			children = (
				OBJ_6 /* Package.swift */,
				OBJ_7 /* Sources */,
				OBJ_36 /* Tests */,
				OBJ_37 /* Dependencies */,
				OBJ_67 /* Products */,
				OBJ_72 /* bin */,
				OBJ_73 /* RadonExample */,
				OBJ_74 /* Assets */,
			);
			name = "";
			sourceTree = "<group>";
		};
		OBJ_61 /* CommandLineKit */ = {
			isa = PBXGroup;
			children = (
				OBJ_62 /* Package.swift */,
				OBJ_63 /* CommandLineKit */,
			);
			name = CommandLineKit;
			path = .build/checkouts/CommandLine;
			sourceTree = SOURCE_ROOT;
		};
		OBJ_63 /* CommandLineKit */ = {
			isa = PBXGroup;
			children = (
				OBJ_64 /* CommandLine.swift */,
				OBJ_65 /* Option.swift */,
				OBJ_66 /* StringExtensions.swift */,
			);
			path = CommandLineKit;
			sourceTree = "<group>";
		};
		OBJ_67 /* Products */ = {
			isa = PBXGroup;
			children = (
				"commandline::CommandLineKit::Product" /* CommandLineKit.framework */,
				"bluecryptor::Cryptor::Product" /* Cryptor.framework */,
				"francium::Francium::Product" /* Francium.framework */,
				"radon::Radon::Product" /* Radon */,
			);
			name = Products;
			sourceTree = BUILT_PRODUCTS_DIR;
		};
		OBJ_7 /* Sources */ = {
			isa = PBXGroup;
			children = (
				OBJ_8 /* Radon */,
			);
			name = Sources;
			sourceTree = SOURCE_ROOT;
		};
		OBJ_8 /* Radon */ = {
			isa = PBXGroup;
			children = (
				OBJ_9 /* get_version.sh */,
				OBJ_10 /* LICENSE */,
				OBJ_11 /* CHANGELOG.md */,
				OBJ_12 /* Makefile */,
				OBJ_13 /* README.md */,
				OBJ_14 /* Radon.podspec */,
				OBJ_15 /* get_version.sh */,
				OBJ_16 /* LICENSE */,
				OBJ_17 /* CHANGELOG.md */,
				OBJ_18 /* Makefile */,
				OBJ_19 /* README.md */,
				OBJ_20 /* Radon.podspec */,
				OBJ_21 /* Sources */,
			);
			name = Radon;
			sourceTree = SOURCE_ROOT;
		};
/* End PBXGroup section */

/* Begin PBXNativeTarget section */
		"bluecryptor::Cryptor" /* Cryptor */ = {
			isa = PBXNativeTarget;
			buildConfigurationList = OBJ_91 /* Build configuration list for PBXNativeTarget "Cryptor" */;
			buildPhases = (
				OBJ_94 /* Sources */,
				OBJ_106 /* Frameworks */,
			);
			buildRules = (
			);
			dependencies = (
			);
			name = Cryptor;
			productName = Cryptor;
			productReference = "bluecryptor::Cryptor::Product" /* Cryptor.framework */;
			productType = "com.apple.product-type.framework";
		};
		"bluecryptor::SwiftPMPackageDescription" /* CryptorPackageDescription */ = {
			isa = PBXNativeTarget;
			buildConfigurationList = OBJ_108 /* Build configuration list for PBXNativeTarget "CryptorPackageDescription" */;
			buildPhases = (
				OBJ_111 /* Sources */,
			);
			buildRules = (
			);
			dependencies = (
			);
			name = CryptorPackageDescription;
			productName = CryptorPackageDescription;
			productType = "com.apple.product-type.framework";
		};
		"commandline::CommandLineKit" /* CommandLineKit */ = {
			isa = PBXNativeTarget;
			buildConfigurationList = OBJ_76 /* Build configuration list for PBXNativeTarget "CommandLineKit" */;
			buildPhases = (
				OBJ_79 /* Sources */,
				OBJ_83 /* Frameworks */,
			);
			buildRules = (
			);
			dependencies = (
			);
			name = CommandLineKit;
			productName = CommandLineKit;
			productReference = "commandline::CommandLineKit::Product" /* CommandLineKit.framework */;
			productType = "com.apple.product-type.framework";
		};
		"commandline::SwiftPMPackageDescription" /* CommandLineKitPackageDescription */ = {
			isa = PBXNativeTarget;
			buildConfigurationList = OBJ_85 /* Build configuration list for PBXNativeTarget "CommandLineKitPackageDescription" */;
			buildPhases = (
				OBJ_88 /* Sources */,
			);
			buildRules = (
			);
			dependencies = (
			);
			name = CommandLineKitPackageDescription;
			productName = CommandLineKitPackageDescription;
			productType = "com.apple.product-type.framework";
		};
		"francium::Francium" /* Francium */ = {
			isa = PBXNativeTarget;
			buildConfigurationList = OBJ_114 /* Build configuration list for PBXNativeTarget "Francium" */;
			buildPhases = (
				OBJ_117 /* Sources */,
				OBJ_122 /* Frameworks */,
			);
			buildRules = (
			);
			dependencies = (
			);
			name = Francium;
			productName = Francium;
			productReference = "francium::Francium::Product" /* Francium.framework */;
			productType = "com.apple.product-type.framework";
		};
		"francium::SwiftPMPackageDescription" /* FranciumPackageDescription */ = {
			isa = PBXNativeTarget;
			buildConfigurationList = OBJ_124 /* Build configuration list for PBXNativeTarget "FranciumPackageDescription" */;
			buildPhases = (
				OBJ_127 /* Sources */,
			);
			buildRules = (
			);
			dependencies = (
			);
			name = FranciumPackageDescription;
			productName = FranciumPackageDescription;
			productType = "com.apple.product-type.framework";
		};
		"radon::Radon" /* Radon */ = {
			isa = PBXNativeTarget;
			buildConfigurationList = OBJ_130 /* Build configuration list for PBXNativeTarget "Radon" */;
			buildPhases = (
				OBJ_133 /* Sources */,
				OBJ_144 /* Frameworks */,
			);
			buildRules = (
			);
			dependencies = (
				OBJ_148 /* PBXTargetDependency */,
				OBJ_149 /* PBXTargetDependency */,
				OBJ_150 /* PBXTargetDependency */,
			);
			name = Radon;
			productName = Radon;
			productReference = "radon::Radon::Product" /* Radon */;
			productType = "com.apple.product-type.tool";
		};
		"radon::SwiftPMPackageDescription" /* RadonPackageDescription */ = {
			isa = PBXNativeTarget;
			buildConfigurationList = OBJ_152 /* Build configuration list for PBXNativeTarget "RadonPackageDescription" */;
			buildPhases = (
				OBJ_155 /* Sources */,
			);
			buildRules = (
			);
			dependencies = (
			);
			name = RadonPackageDescription;
			productName = RadonPackageDescription;
			productType = "com.apple.product-type.framework";
		};
/* End PBXNativeTarget section */

/* Begin PBXProject section */
		OBJ_1 /* Project object */ = {
			isa = PBXProject;
			attributes = {
				LastSwiftMigration = 9999;
				LastUpgradeCheck = 9999;
			};
			buildConfigurationList = OBJ_2 /* Build configuration list for PBXProject "Radon" */;
			compatibilityVersion = "Xcode 3.2";
			developmentRegion = en;
			hasScannedForEncodings = 0;
			knownRegions = (
				en,
			);
			mainGroup = OBJ_5 /*  */;
			productRefGroup = OBJ_67 /* Products */;
			projectDirPath = "";
			projectRoot = "";
			targets = (
				"commandline::CommandLineKit" /* CommandLineKit */,
				"commandline::SwiftPMPackageDescription" /* CommandLineKitPackageDescription */,
				"bluecryptor::Cryptor" /* Cryptor */,
				"bluecryptor::SwiftPMPackageDescription" /* CryptorPackageDescription */,
				"francium::Francium" /* Francium */,
				"francium::SwiftPMPackageDescription" /* FranciumPackageDescription */,
				"radon::Radon" /* Radon */,
				"radon::SwiftPMPackageDescription" /* RadonPackageDescription */,
				"radon::radon::ProductTarget" /* radon */,
			);
		};
/* End PBXProject section */

/* Begin PBXSourcesBuildPhase section */
		OBJ_111 /* Sources */ = {
			isa = PBXSourcesBuildPhase;
			buildActionMask = 0;
			files = (
				OBJ_112 /* Package.swift in Sources */,
			);
			runOnlyForDeploymentPostprocessing = 0;
		};
		OBJ_117 /* Sources */ = {
			isa = PBXSourcesBuildPhase;
			buildActionMask = 0;
			files = (
				OBJ_118 /* Error.swift in Sources */,
				OBJ_119 /* Dir.swift in Sources */,
				OBJ_120 /* File.swift in Sources */,
				OBJ_121 /* IOObject.swift in Sources */,
			);
			runOnlyForDeploymentPostprocessing = 0;
		};
		OBJ_127 /* Sources */ = {
			isa = PBXSourcesBuildPhase;
			buildActionMask = 0;
			files = (
				OBJ_128 /* Package.swift in Sources */,
			);
			runOnlyForDeploymentPostprocessing = 0;
		};
		OBJ_133 /* Sources */ = {
			isa = PBXSourcesBuildPhase;
			buildActionMask = 0;
			files = (
				OBJ_134 /* String.swift in Sources */,
				OBJ_135 /* GeneralGenerator.swift in Sources */,
				OBJ_136 /* Generator.swift in Sources */,
				OBJ_137 /* ImageGenerator.swift in Sources */,
				OBJ_138 /* LocalizeGenerator.swift in Sources */,
				OBJ_139 /* Folder.swift in Sources */,
				C323F6B22893ECC9003E3639 /* Sequence.swift in Sources */,
				OBJ_140 /* Logger.swift in Sources */,
				OBJ_141 /* Radon.swift in Sources */,
				OBJ_142 /* FolderWatcher.swift in Sources */,
				OBJ_143 /* main.swift in Sources */,
			);
			runOnlyForDeploymentPostprocessing = 0;
		};
		OBJ_155 /* Sources */ = {
			isa = PBXSourcesBuildPhase;
			buildActionMask = 0;
			files = (
				OBJ_156 /* Package.swift in Sources */,
			);
			runOnlyForDeploymentPostprocessing = 0;
		};
		OBJ_79 /* Sources */ = {
			isa = PBXSourcesBuildPhase;
			buildActionMask = 0;
			files = (
				OBJ_80 /* CommandLine.swift in Sources */,
				OBJ_81 /* Option.swift in Sources */,
				OBJ_82 /* StringExtensions.swift in Sources */,
			);
			runOnlyForDeploymentPostprocessing = 0;
		};
		OBJ_88 /* Sources */ = {
			isa = PBXSourcesBuildPhase;
			buildActionMask = 0;
			files = (
				OBJ_89 /* Package.swift in Sources */,
			);
			runOnlyForDeploymentPostprocessing = 0;
		};
		OBJ_94 /* Sources */ = {
			isa = PBXSourcesBuildPhase;
			buildActionMask = 0;
			files = (
				OBJ_95 /* Crypto.swift in Sources */,
				OBJ_96 /* Cryptor.swift in Sources */,
				OBJ_97 /* Digest.swift in Sources */,
				OBJ_98 /* HMAC.swift in Sources */,
				OBJ_99 /* KeyDerivation.swift in Sources */,
				OBJ_100 /* Random.swift in Sources */,
				OBJ_101 /* SSLPointerTricks.swift in Sources */,
				OBJ_102 /* Status.swift in Sources */,
				OBJ_103 /* StreamCryptor.swift in Sources */,
				OBJ_104 /* Updatable.swift in Sources */,
				OBJ_105 /* Utilities.swift in Sources */,
			);
			runOnlyForDeploymentPostprocessing = 0;
		};
/* End PBXSourcesBuildPhase section */

/* Begin PBXTargetDependency section */
		OBJ_148 /* PBXTargetDependency */ = {
			isa = PBXTargetDependency;
			target = "francium::Francium" /* Francium */;
			targetProxy = C323F6A42893D1C1003E3639 /* PBXContainerItemProxy */;
		};
		OBJ_149 /* PBXTargetDependency */ = {
			isa = PBXTargetDependency;
			target = "bluecryptor::Cryptor" /* Cryptor */;
			targetProxy = C323F6A52893D1C1003E3639 /* PBXContainerItemProxy */;
		};
		OBJ_150 /* PBXTargetDependency */ = {
			isa = PBXTargetDependency;
			target = "commandline::CommandLineKit" /* CommandLineKit */;
			targetProxy = C323F6A62893D1C1003E3639 /* PBXContainerItemProxy */;
		};
		OBJ_161 /* PBXTargetDependency */ = {
			isa = PBXTargetDependency;
			target = "radon::Radon" /* Radon */;
			targetProxy = C323F6A72893D1C6003E3639 /* PBXContainerItemProxy */;
		};
/* End PBXTargetDependency section */

/* Begin XCBuildConfiguration section */
		OBJ_109 /* Debug */ = {
			isa = XCBuildConfiguration;
			buildSettings = {
				LD = /usr/bin/true;
				OTHER_SWIFT_FLAGS = "-swift-version 4.2 -I $(TOOLCHAIN_DIR)/usr/lib/swift/pm/ManifestAPI -sdk /Applications/Xcode.app/Contents/Developer/Platforms/MacOSX.platform/Developer/SDKs/MacOSX12.3.sdk -package-description-version 4.2.0";
				SWIFT_VERSION = 4.2;
			};
			name = Debug;
		};
		OBJ_110 /* Release */ = {
			isa = XCBuildConfiguration;
			buildSettings = {
				LD = /usr/bin/true;
				OTHER_SWIFT_FLAGS = "-swift-version 4.2 -I $(TOOLCHAIN_DIR)/usr/lib/swift/pm/ManifestAPI -sdk /Applications/Xcode.app/Contents/Developer/Platforms/MacOSX.platform/Developer/SDKs/MacOSX12.3.sdk -package-description-version 4.2.0";
				SWIFT_VERSION = 4.2;
			};
			name = Release;
		};
		OBJ_115 /* Debug */ = {
			isa = XCBuildConfiguration;
			buildSettings = {
				CURRENT_PROJECT_VERSION = 1;
				ENABLE_TESTABILITY = YES;
				FRAMEWORK_SEARCH_PATHS = (
					"$(inherited)",
					"$(PLATFORM_DIR)/Developer/Library/Frameworks",
				);
				HEADER_SEARCH_PATHS = "$(inherited)";
				INFOPLIST_FILE = Radon.xcodeproj/Francium_Info.plist;
				LD_RUNPATH_SEARCH_PATHS = "$(inherited) $(TOOLCHAIN_DIR)/usr/lib/swift/macosx";
				OTHER_CFLAGS = "$(inherited)";
				OTHER_LDFLAGS = "$(inherited)";
				OTHER_SWIFT_FLAGS = "$(inherited)";
				PRODUCT_BUNDLE_IDENTIFIER = Francium;
				PRODUCT_MODULE_NAME = "$(TARGET_NAME:c99extidentifier)";
				PRODUCT_NAME = "$(TARGET_NAME:c99extidentifier)";
				SKIP_INSTALL = YES;
				SWIFT_ACTIVE_COMPILATION_CONDITIONS = "$(inherited)";
				SWIFT_VERSION = 4.0;
				TARGET_NAME = Francium;
			};
			name = Debug;
		};
		OBJ_116 /* Release */ = {
			isa = XCBuildConfiguration;
			buildSettings = {
				CURRENT_PROJECT_VERSION = 1;
				ENABLE_TESTABILITY = YES;
				FRAMEWORK_SEARCH_PATHS = (
					"$(inherited)",
					"$(PLATFORM_DIR)/Developer/Library/Frameworks",
				);
				HEADER_SEARCH_PATHS = "$(inherited)";
				INFOPLIST_FILE = Radon.xcodeproj/Francium_Info.plist;
				LD_RUNPATH_SEARCH_PATHS = "$(inherited) $(TOOLCHAIN_DIR)/usr/lib/swift/macosx";
				OTHER_CFLAGS = "$(inherited)";
				OTHER_LDFLAGS = "$(inherited)";
				OTHER_SWIFT_FLAGS = "$(inherited)";
				PRODUCT_BUNDLE_IDENTIFIER = Francium;
				PRODUCT_MODULE_NAME = "$(TARGET_NAME:c99extidentifier)";
				PRODUCT_NAME = "$(TARGET_NAME:c99extidentifier)";
				SKIP_INSTALL = YES;
				SWIFT_ACTIVE_COMPILATION_CONDITIONS = "$(inherited)";
				SWIFT_VERSION = 4.0;
				TARGET_NAME = Francium;
			};
			name = Release;
		};
		OBJ_125 /* Debug */ = {
			isa = XCBuildConfiguration;
			buildSettings = {
				LD = /usr/bin/true;
				OTHER_SWIFT_FLAGS = "-swift-version 4 -I $(TOOLCHAIN_DIR)/usr/lib/swift/pm/ManifestAPI -sdk /Applications/Xcode.app/Contents/Developer/Platforms/MacOSX.platform/Developer/SDKs/MacOSX12.3.sdk -package-description-version 4.0.0";
				SWIFT_VERSION = 4.0;
			};
			name = Debug;
		};
		OBJ_126 /* Release */ = {
			isa = XCBuildConfiguration;
			buildSettings = {
				LD = /usr/bin/true;
				OTHER_SWIFT_FLAGS = "-swift-version 4 -I $(TOOLCHAIN_DIR)/usr/lib/swift/pm/ManifestAPI -sdk /Applications/Xcode.app/Contents/Developer/Platforms/MacOSX.platform/Developer/SDKs/MacOSX12.3.sdk -package-description-version 4.0.0";
				SWIFT_VERSION = 4.0;
			};
			name = Release;
		};
		OBJ_131 /* Debug */ = {
			isa = XCBuildConfiguration;
			buildSettings = {
				CURRENT_PROJECT_VERSION = 1;
				DRIVERKIT_DEPLOYMENT_TARGET = 19.0;
				FRAMEWORK_SEARCH_PATHS = (
					"$(inherited)",
					"$(PLATFORM_DIR)/Developer/Library/Frameworks",
				);
				HEADER_SEARCH_PATHS = "$(inherited)";
				INFOPLIST_FILE = Radon.xcodeproj/Radon_Info.plist;
				IPHONEOS_DEPLOYMENT_TARGET = 9.0;
				LD_RUNPATH_SEARCH_PATHS = "$(inherited) $(TOOLCHAIN_DIR)/usr/lib/swift/macosx @executable_path";
				MACOSX_DEPLOYMENT_TARGET = 10.13;
				OTHER_CFLAGS = "$(inherited)";
				OTHER_LDFLAGS = "$(inherited)";
				OTHER_SWIFT_FLAGS = "$(inherited)";
				SWIFT_ACTIVE_COMPILATION_CONDITIONS = "$(inherited)";
				SWIFT_FORCE_DYNAMIC_LINK_STDLIB = YES;
				SWIFT_FORCE_STATIC_LINK_STDLIB = NO;
				SWIFT_VERSION = 5.0;
				TARGET_NAME = Radon;
				TVOS_DEPLOYMENT_TARGET = 9.0;
				WATCHOS_DEPLOYMENT_TARGET = 2.0;
			};
			name = Debug;
		};
		OBJ_132 /* Release */ = {
			isa = XCBuildConfiguration;
			buildSettings = {
				CURRENT_PROJECT_VERSION = 1;
				DRIVERKIT_DEPLOYMENT_TARGET = 19.0;
				FRAMEWORK_SEARCH_PATHS = (
					"$(inherited)",
					"$(PLATFORM_DIR)/Developer/Library/Frameworks",
				);
				HEADER_SEARCH_PATHS = "$(inherited)";
				INFOPLIST_FILE = Radon.xcodeproj/Radon_Info.plist;
				IPHONEOS_DEPLOYMENT_TARGET = 9.0;
				LD_RUNPATH_SEARCH_PATHS = "$(inherited) $(TOOLCHAIN_DIR)/usr/lib/swift/macosx @executable_path";
				MACOSX_DEPLOYMENT_TARGET = 10.13;
				OTHER_CFLAGS = "$(inherited)";
				OTHER_LDFLAGS = "$(inherited)";
				OTHER_SWIFT_FLAGS = "$(inherited)";
				SWIFT_ACTIVE_COMPILATION_CONDITIONS = "$(inherited)";
				SWIFT_FORCE_DYNAMIC_LINK_STDLIB = YES;
				SWIFT_FORCE_STATIC_LINK_STDLIB = NO;
				SWIFT_VERSION = 5.0;
				TARGET_NAME = Radon;
				TVOS_DEPLOYMENT_TARGET = 9.0;
				WATCHOS_DEPLOYMENT_TARGET = 2.0;
			};
			name = Release;
		};
		OBJ_153 /* Debug */ = {
			isa = XCBuildConfiguration;
			buildSettings = {
				LD = /usr/bin/true;
				OTHER_SWIFT_FLAGS = "-swift-version 5 -I $(TOOLCHAIN_DIR)/usr/lib/swift/pm/ManifestAPI -sdk /Applications/Xcode.app/Contents/Developer/Platforms/MacOSX.platform/Developer/SDKs/MacOSX12.3.sdk -package-description-version 5.0.0";
				SWIFT_VERSION = 5.0;
			};
			name = Debug;
		};
		OBJ_154 /* Release */ = {
			isa = XCBuildConfiguration;
			buildSettings = {
				LD = /usr/bin/true;
				OTHER_SWIFT_FLAGS = "-swift-version 5 -I $(TOOLCHAIN_DIR)/usr/lib/swift/pm/ManifestAPI -sdk /Applications/Xcode.app/Contents/Developer/Platforms/MacOSX.platform/Developer/SDKs/MacOSX12.3.sdk -package-description-version 5.0.0";
				SWIFT_VERSION = 5.0;
			};
			name = Release;
		};
		OBJ_159 /* Debug */ = {
			isa = XCBuildConfiguration;
			buildSettings = {
			};
			name = Debug;
		};
		OBJ_160 /* Release */ = {
			isa = XCBuildConfiguration;
			buildSettings = {
			};
			name = Release;
		};
		OBJ_3 /* Debug */ = {
			isa = XCBuildConfiguration;
			buildSettings = {
				CLANG_ENABLE_OBJC_ARC = YES;
				COMBINE_HIDPI_IMAGES = YES;
				COPY_PHASE_STRIP = NO;
				DEBUG_INFORMATION_FORMAT = dwarf;
				DYLIB_INSTALL_NAME_BASE = "@rpath";
				ENABLE_NS_ASSERTIONS = YES;
				GCC_OPTIMIZATION_LEVEL = 0;
				GCC_PREPROCESSOR_DEFINITIONS = (
					"$(inherited)",
					"SWIFT_PACKAGE=1",
					"DEBUG=1",
				);
				MACOSX_DEPLOYMENT_TARGET = 10.10;
				ONLY_ACTIVE_ARCH = YES;
				OTHER_SWIFT_FLAGS = "$(inherited) -DXcode";
				PRODUCT_NAME = "$(TARGET_NAME)";
				SDKROOT = macosx;
				SUPPORTED_PLATFORMS = "$(AVAILABLE_PLATFORMS)";
				SUPPORTS_MACCATALYST = YES;
				SWIFT_ACTIVE_COMPILATION_CONDITIONS = "$(inherited) SWIFT_PACKAGE DEBUG";
				SWIFT_OPTIMIZATION_LEVEL = "-Onone";
				USE_HEADERMAP = NO;
			};
			name = Debug;
		};
		OBJ_4 /* Release */ = {
			isa = XCBuildConfiguration;
			buildSettings = {
				CLANG_ENABLE_OBJC_ARC = YES;
				COMBINE_HIDPI_IMAGES = YES;
				COPY_PHASE_STRIP = YES;
				DEBUG_INFORMATION_FORMAT = "dwarf-with-dsym";
				DYLIB_INSTALL_NAME_BASE = "@rpath";
				GCC_OPTIMIZATION_LEVEL = s;
				GCC_PREPROCESSOR_DEFINITIONS = (
					"$(inherited)",
					"SWIFT_PACKAGE=1",
				);
				MACOSX_DEPLOYMENT_TARGET = 10.10;
				OTHER_SWIFT_FLAGS = "$(inherited) -DXcode";
				PRODUCT_NAME = "$(TARGET_NAME)";
				SDKROOT = macosx;
				SUPPORTED_PLATFORMS = "$(AVAILABLE_PLATFORMS)";
				SUPPORTS_MACCATALYST = YES;
				SWIFT_ACTIVE_COMPILATION_CONDITIONS = "$(inherited) SWIFT_PACKAGE";
				SWIFT_OPTIMIZATION_LEVEL = "-Owholemodule";
				USE_HEADERMAP = NO;
			};
			name = Release;
		};
		OBJ_77 /* Debug */ = {
			isa = XCBuildConfiguration;
			buildSettings = {
				CURRENT_PROJECT_VERSION = 1;
				DRIVERKIT_DEPLOYMENT_TARGET = 19.0;
				ENABLE_TESTABILITY = YES;
				FRAMEWORK_SEARCH_PATHS = (
					"$(inherited)",
					"$(PLATFORM_DIR)/Developer/Library/Frameworks",
				);
				HEADER_SEARCH_PATHS = "$(inherited)";
				INFOPLIST_FILE = Radon.xcodeproj/CommandLineKit_Info.plist;
				IPHONEOS_DEPLOYMENT_TARGET = 9.0;
				LD_RUNPATH_SEARCH_PATHS = "$(inherited) $(TOOLCHAIN_DIR)/usr/lib/swift/macosx";
				MACOSX_DEPLOYMENT_TARGET = 10.13;
				OTHER_CFLAGS = "$(inherited)";
				OTHER_LDFLAGS = "$(inherited)";
				OTHER_SWIFT_FLAGS = "$(inherited)";
				PRODUCT_BUNDLE_IDENTIFIER = CommandLineKit;
				PRODUCT_MODULE_NAME = "$(TARGET_NAME:c99extidentifier)";
				PRODUCT_NAME = "$(TARGET_NAME:c99extidentifier)";
				SKIP_INSTALL = YES;
				SWIFT_ACTIVE_COMPILATION_CONDITIONS = "$(inherited)";
				SWIFT_VERSION = 5.0;
				TARGET_NAME = CommandLineKit;
				TVOS_DEPLOYMENT_TARGET = 9.0;
				WATCHOS_DEPLOYMENT_TARGET = 2.0;
			};
			name = Debug;
		};
		OBJ_78 /* Release */ = {
			isa = XCBuildConfiguration;
			buildSettings = {
				CURRENT_PROJECT_VERSION = 1;
				DRIVERKIT_DEPLOYMENT_TARGET = 19.0;
				ENABLE_TESTABILITY = YES;
				FRAMEWORK_SEARCH_PATHS = (
					"$(inherited)",
					"$(PLATFORM_DIR)/Developer/Library/Frameworks",
				);
				HEADER_SEARCH_PATHS = "$(inherited)";
				INFOPLIST_FILE = Radon.xcodeproj/CommandLineKit_Info.plist;
				IPHONEOS_DEPLOYMENT_TARGET = 9.0;
				LD_RUNPATH_SEARCH_PATHS = "$(inherited) $(TOOLCHAIN_DIR)/usr/lib/swift/macosx";
				MACOSX_DEPLOYMENT_TARGET = 10.13;
				OTHER_CFLAGS = "$(inherited)";
				OTHER_LDFLAGS = "$(inherited)";
				OTHER_SWIFT_FLAGS = "$(inherited)";
				PRODUCT_BUNDLE_IDENTIFIER = CommandLineKit;
				PRODUCT_MODULE_NAME = "$(TARGET_NAME:c99extidentifier)";
				PRODUCT_NAME = "$(TARGET_NAME:c99extidentifier)";
				SKIP_INSTALL = YES;
				SWIFT_ACTIVE_COMPILATION_CONDITIONS = "$(inherited)";
				SWIFT_VERSION = 5.0;
				TARGET_NAME = CommandLineKit;
				TVOS_DEPLOYMENT_TARGET = 9.0;
				WATCHOS_DEPLOYMENT_TARGET = 2.0;
			};
			name = Release;
		};
		OBJ_86 /* Debug */ = {
			isa = XCBuildConfiguration;
			buildSettings = {
				LD = /usr/bin/true;
				OTHER_SWIFT_FLAGS = "-swift-version 5 -I $(TOOLCHAIN_DIR)/usr/lib/swift/pm/ManifestAPI -sdk /Applications/Xcode.app/Contents/Developer/Platforms/MacOSX.platform/Developer/SDKs/MacOSX12.3.sdk -package-description-version 5.2.0";
				SWIFT_VERSION = 5.0;
			};
			name = Debug;
		};
		OBJ_87 /* Release */ = {
			isa = XCBuildConfiguration;
			buildSettings = {
				LD = /usr/bin/true;
				OTHER_SWIFT_FLAGS = "-swift-version 5 -I $(TOOLCHAIN_DIR)/usr/lib/swift/pm/ManifestAPI -sdk /Applications/Xcode.app/Contents/Developer/Platforms/MacOSX.platform/Developer/SDKs/MacOSX12.3.sdk -package-description-version 5.2.0";
				SWIFT_VERSION = 5.0;
			};
			name = Release;
		};
		OBJ_92 /* Debug */ = {
			isa = XCBuildConfiguration;
			buildSettings = {
				CURRENT_PROJECT_VERSION = 1;
				ENABLE_TESTABILITY = YES;
				FRAMEWORK_SEARCH_PATHS = (
					"$(inherited)",
					"$(PLATFORM_DIR)/Developer/Library/Frameworks",
				);
				HEADER_SEARCH_PATHS = "$(inherited)";
				INFOPLIST_FILE = Radon.xcodeproj/Cryptor_Info.plist;
				LD_RUNPATH_SEARCH_PATHS = "$(inherited) $(TOOLCHAIN_DIR)/usr/lib/swift/macosx";
				OTHER_CFLAGS = "$(inherited)";
				OTHER_LDFLAGS = "$(inherited)";
				OTHER_SWIFT_FLAGS = "$(inherited)";
				PRODUCT_BUNDLE_IDENTIFIER = Cryptor;
				PRODUCT_MODULE_NAME = "$(TARGET_NAME:c99extidentifier)";
				PRODUCT_NAME = "$(TARGET_NAME:c99extidentifier)";
				SKIP_INSTALL = YES;
				SWIFT_ACTIVE_COMPILATION_CONDITIONS = "$(inherited)";
				SWIFT_VERSION = 4.2;
				TARGET_NAME = Cryptor;
			};
			name = Debug;
		};
		OBJ_93 /* Release */ = {
			isa = XCBuildConfiguration;
			buildSettings = {
				CURRENT_PROJECT_VERSION = 1;
				ENABLE_TESTABILITY = YES;
				FRAMEWORK_SEARCH_PATHS = (
					"$(inherited)",
					"$(PLATFORM_DIR)/Developer/Library/Frameworks",
				);
				HEADER_SEARCH_PATHS = "$(inherited)";
				INFOPLIST_FILE = Radon.xcodeproj/Cryptor_Info.plist;
				LD_RUNPATH_SEARCH_PATHS = "$(inherited) $(TOOLCHAIN_DIR)/usr/lib/swift/macosx";
				OTHER_CFLAGS = "$(inherited)";
				OTHER_LDFLAGS = "$(inherited)";
				OTHER_SWIFT_FLAGS = "$(inherited)";
				PRODUCT_BUNDLE_IDENTIFIER = Cryptor;
				PRODUCT_MODULE_NAME = "$(TARGET_NAME:c99extidentifier)";
				PRODUCT_NAME = "$(TARGET_NAME:c99extidentifier)";
				SKIP_INSTALL = YES;
				SWIFT_ACTIVE_COMPILATION_CONDITIONS = "$(inherited)";
				SWIFT_VERSION = 4.2;
				TARGET_NAME = Cryptor;
			};
			name = Release;
		};
/* End XCBuildConfiguration section */

/* Begin XCConfigurationList section */
		OBJ_108 /* Build configuration list for PBXNativeTarget "CryptorPackageDescription" */ = {
			isa = XCConfigurationList;
			buildConfigurations = (
				OBJ_109 /* Debug */,
				OBJ_110 /* Release */,
			);
			defaultConfigurationIsVisible = 0;
			defaultConfigurationName = Release;
		};
		OBJ_114 /* Build configuration list for PBXNativeTarget "Francium" */ = {
			isa = XCConfigurationList;
			buildConfigurations = (
				OBJ_115 /* Debug */,
				OBJ_116 /* Release */,
			);
			defaultConfigurationIsVisible = 0;
			defaultConfigurationName = Release;
		};
		OBJ_124 /* Build configuration list for PBXNativeTarget "FranciumPackageDescription" */ = {
			isa = XCConfigurationList;
			buildConfigurations = (
				OBJ_125 /* Debug */,
				OBJ_126 /* Release */,
			);
			defaultConfigurationIsVisible = 0;
			defaultConfigurationName = Release;
		};
		OBJ_130 /* Build configuration list for PBXNativeTarget "Radon" */ = {
			isa = XCConfigurationList;
			buildConfigurations = (
				OBJ_131 /* Debug */,
				OBJ_132 /* Release */,
			);
			defaultConfigurationIsVisible = 0;
			defaultConfigurationName = Release;
		};
		OBJ_152 /* Build configuration list for PBXNativeTarget "RadonPackageDescription" */ = {
			isa = XCConfigurationList;
			buildConfigurations = (
				OBJ_153 /* Debug */,
				OBJ_154 /* Release */,
			);
			defaultConfigurationIsVisible = 0;
			defaultConfigurationName = Release;
		};
		OBJ_158 /* Build configuration list for PBXAggregateTarget "radon" */ = {
			isa = XCConfigurationList;
			buildConfigurations = (
				OBJ_159 /* Debug */,
				OBJ_160 /* Release */,
			);
			defaultConfigurationIsVisible = 0;
			defaultConfigurationName = Release;
		};
		OBJ_2 /* Build configuration list for PBXProject "Radon" */ = {
			isa = XCConfigurationList;
			buildConfigurations = (
				OBJ_3 /* Debug */,
				OBJ_4 /* Release */,
			);
			defaultConfigurationIsVisible = 0;
			defaultConfigurationName = Release;
		};
		OBJ_76 /* Build configuration list for PBXNativeTarget "CommandLineKit" */ = {
			isa = XCConfigurationList;
			buildConfigurations = (
				OBJ_77 /* Debug */,
				OBJ_78 /* Release */,
			);
			defaultConfigurationIsVisible = 0;
			defaultConfigurationName = Release;
		};
		OBJ_85 /* Build configuration list for PBXNativeTarget "CommandLineKitPackageDescription" */ = {
			isa = XCConfigurationList;
			buildConfigurations = (
				OBJ_86 /* Debug */,
				OBJ_87 /* Release */,
			);
			defaultConfigurationIsVisible = 0;
			defaultConfigurationName = Release;
		};
		OBJ_91 /* Build configuration list for PBXNativeTarget "Cryptor" */ = {
			isa = XCConfigurationList;
			buildConfigurations = (
				OBJ_92 /* Debug */,
				OBJ_93 /* Release */,
			);
			defaultConfigurationIsVisible = 0;
			defaultConfigurationName = Release;
		};
/* End XCConfigurationList section */
	};
	rootObject = OBJ_1 /* Project object */;
}
